
Microsoft Visual Studio Solution File, Format Version 12.00
# Visual Studio Version 17
VisualStudioVersion = 17.5.33627.172
MinimumVisualStudioVersion = 10.0.40219.1
Project("{FAE04EC0-301F-11D3-BF4B-00C04F79EFBC}") = "TcpServer", "TcpServer\TcpServer.csproj", "{44F1B1B9-1862-4BF7-A8BB-70BCA59DF6D5}"
EndProject
Global
	GlobalSection(SolutionConfigurationPlatforms) = preSolution
		Debug|Any CPU = Debug|Any CPU
		Release|Any CPU = Release|Any CPU
	EndGlobalSection
	GlobalSection(ProjectConfigurationPlatforms) = postSolution
		{44F1B1B9-1862-4BF7-A8BB-70BCA59DF6D5}.Debug|Any CPU.ActiveCfg = Debug|Any CPU
		{44F1B1B9-1862-4BF7-A8BB-70BCA59DF6D5}.Debug|Any CPU.Build.0 = Debug|Any CPU
		{44F1B1B9-1862-4BF7-A8BB-70BCA59DF6D5}.Release|Any CPU.ActiveCfg = Release|Any CPU
		{44F1B1B9-1862-4BF7-A8BB-70BCA59DF6D5}.Release|Any CPU.Build.0 = Release|Any CPU
	EndGlobalSection
	GlobalSection(SolutionProperties) = preSolution
		HideSolutionNode = FALSE
	EndGlobalSection
	GlobalSection(ExtensibilityGlobals) = postSolution
		SolutionGuid = {25AB12B5-BA66-4FEC-9B06-C0E10442798B}
	EndGlobalSection
EndGlobal
